
Microsoft Visual Studio Solution File, Format Version 12.00
Project("{FAE04EC0-301F-11D3-BF4B-00C04F79EFBC}") = "AutoControlCshape", "AutoControlCshape\AutoControlCshape.csproj", "{13636E23-5A02-4A70-B3F7-428FD58CC741}"
EndProject
Global
	GlobalSection(SolutionConfigurationPlatforms) = preSolution
		Debug|Any CPU = Debug|Any CPU
		Release|Any CPU = Release|Any CPU
	EndGlobalSection
	GlobalSection(ProjectConfigurationPlatforms) = postSolution
		{13636E23-5A02-4A70-B3F7-428FD58CC741}.Debug|Any CPU.ActiveCfg = Debug|Any CPU
		{13636E23-5A02-4A70-B3F7-428FD58CC741}.Debug|Any CPU.Build.0 = Debug|Any CPU
		{13636E23-5A02-4A70-B3F7-428FD58CC741}.Release|Any CPU.ActiveCfg = Release|Any CPU
		{13636E23-5A02-4A70-B3F7-428FD58CC741}.Release|Any CPU.Build.0 = Release|Any CPU
	EndGlobalSection
EndGlobal
